{
  "nodes": {
    "nixpkgs": {
      "locked": {
        "lastModified": 1650998007,
        "narHash": "sha256-NcJnbGDBBN023x8s3ll3HZxBcQoPq1ry9E2sjg+4flc=",
        "owner": "NixOS",
        "repo": "nixpkgs",
        "rev": "a3917caedfead19f853aa5769de4c3ea4e4db584",
        "type": "github"
      },
      "original": {
        "owner": "NixOS",
        "ref": "release-21.11",
        "repo": "nixpkgs",
        "type": "github"
      }
    },
    "root": {
      "inputs": {
        "nixpkgs": "nixpkgs"
      }
    }
  },
  "root": "root",
  "version": 7
}
