{
  "nodes": {
    "nixpkgs": {
      "locked": {
        "lastModified": 1622465655,
        "narHash": "sha256-A01Us9p+6RpY6n3B0OV0IvDHGopgwUYsHHqQCLTmS98=",
        "owner": "NixOS",
        "repo": "nixpkgs",
        "rev": "ef423b1205d062b517a4103060b1cf44c5391d6d",
        "type": "github"
      },
      "original": {
        "owner": "NixOS",
        "ref": "release-21.05",
        "repo": "nixpkgs",
        "type": "github"
      }
    },
    "root": {
      "inputs": {
        "nixpkgs": "nixpkgs"
      }
    }
  },
  "root": "root",
  "version": 7
}
