{
  "nodes": {
    "nixpkgs": {
      "locked": {
        "lastModified": 1617895400,
        "narHash": "sha256-DAYFwRdau9a49plXH0VSUV5baxQqFeSjQeUrlCygbqk=",
        "owner": "NixOS",
        "repo": "nixpkgs",
        "rev": "49299adf4e95037c1692fca941d6370e453e2855",
        "type": "github"
      },
      "original": {
        "owner": "NixOS",
        "ref": "release-20.09",
        "repo": "nixpkgs",
        "type": "github"
      }
    },
    "root": {
      "inputs": {
        "nixpkgs": "nixpkgs"
      }
    }
  },
  "root": "root",
  "version": 7
}
